# This file is autogenerated, do not edit; changes may be undone by the next 'dep ensure'.


[[projects]]
  name = "github.com/gorilla/mux"
  packages = ["."]
  revision = "00bdffe0f3c77e27d2cf6f5c70232a2d3e4d9c15"
  version = "v1.7.3"

[[projects]]
  name = "github.com/gorilla/websocket"
  packages = ["."]
  revision = "66b9c49e59c6c48f0ffce28c2d8b8a5678502c6d"
  version = "v1.4.0"

[[projects]]
  name = "github.com/jinzhu/gorm"
  packages = [".","dialects/postgres"]
  revision = "836fb2c19d84dac7b0272958dfb9af7cf0d0ade4"
  version = "v1.9.10"

[[projects]]
  name = "github.com/jinzhu/inflection"
  packages = ["."]
  revision = "f5c5f50e6090ae76a29240b61ae2a90dd810112e"
  version = "v1.0.0"

[[projects]]
  name = "github.com/lib/pq"
  packages = [".","hstore","oid","scram"]
  revision = "3427c32cb71afc948325f299f040e53c1dd78979"
  version = "v1.2.0"

[[projects]]
  branch = "master"
  name = "github.com/paypal/gatt"
  packages = [".","examples/option","linux","linux/cmd","linux/evt","linux/gioctl","linux/socket","linux/util","xpc"]
  revision = "4ae819d591cfc94c496c45deb55928469542beec"

[[projects]]
  name = "github.com/stianeikeland/go-rpio"
  packages = ["."]
  revision = "d43a3ce8186d47f497a6785f997400a1b2f1fdc7"
  version = "v4.4.0"

[solve-meta]
  analyzer-name = "dep"
  analyzer-version = 1
  inputs-digest = "ec68d180fe05bc300beb9500a371c4b11e9ae86710fe76f75ad48eec9ccfe65b"
  solver-name = "gps-cdcl"
  solver-version = 1
